
Microsoft Visual Studio Solution File, Format Version 12.00
# Visual Studio Version 17
VisualStudioVersion = 17.3.32922.545
MinimumVisualStudioVersion = 10.0.40219.1
Project("{9A19103F-16F7-4668-BE54-9A1E7A4F7556}") = "ResumeDetails", "ResumeDetails.csproj", "{B0375FDC-6E59-42DB-966D-4CA9072AF56B}"
EndProject
Project("{FAE04EC0-301F-11D3-BF4B-00C04F79EFBC}") = "SampleCore.Core", "..\SampleCore.Core\SampleCore.Core.csproj", "{20529C83-D3FE-422D-AE9A-AE99922AA41E}"
EndProject
Project("{FAE04EC0-301F-11D3-BF4B-00C04F79EFBC}") = "SampleCore.Entity", "..\SampleCore.Entity\SampleCore.Entity.csproj", "{58C614DB-769E-453B-AF7C-1BB0517039E5}"
EndProject
Project("{FAE04EC0-301F-11D3-BF4B-00C04F79EFBC}") = "SampleCore.Repository", "..\SampleCore.Repository\SampleCore.Repository.csproj", "{5B3AA557-A56B-4EEF-9360-D821DEFA0292}"
EndProject
Project("{FAE04EC0-301F-11D3-BF4B-00C04F79EFBC}") = "SampleCore.Services", "..\SampleCore.Services\SampleCore.Services.csproj", "{2B5C4D1E-1B96-4B0E-A57D-F52AE4B387C3}"
EndProject
Project("{FAE04EC0-301F-11D3-BF4B-00C04F79EFBC}") = "SampleCore.Utility", "..\SampleCore.Utility\SampleCore.Utility.csproj", "{04E894EB-AD95-446E-B876-01A08381734C}"
EndProject
Global
	GlobalSection(SolutionConfigurationPlatforms) = preSolution
		Debug|Any CPU = Debug|Any CPU
		Release|Any CPU = Release|Any CPU
	EndGlobalSection
	GlobalSection(ProjectConfigurationPlatforms) = postSolution
		{B0375FDC-6E59-42DB-966D-4CA9072AF56B}.Debug|Any CPU.ActiveCfg = Debug|Any CPU
		{B0375FDC-6E59-42DB-966D-4CA9072AF56B}.Debug|Any CPU.Build.0 = Debug|Any CPU
		{B0375FDC-6E59-42DB-966D-4CA9072AF56B}.Release|Any CPU.ActiveCfg = Release|Any CPU
		{B0375FDC-6E59-42DB-966D-4CA9072AF56B}.Release|Any CPU.Build.0 = Release|Any CPU
		{20529C83-D3FE-422D-AE9A-AE99922AA41E}.Debug|Any CPU.ActiveCfg = Debug|Any CPU
		{20529C83-D3FE-422D-AE9A-AE99922AA41E}.Debug|Any CPU.Build.0 = Debug|Any CPU
		{20529C83-D3FE-422D-AE9A-AE99922AA41E}.Release|Any CPU.ActiveCfg = Release|Any CPU
		{20529C83-D3FE-422D-AE9A-AE99922AA41E}.Release|Any CPU.Build.0 = Release|Any CPU
		{58C614DB-769E-453B-AF7C-1BB0517039E5}.Debug|Any CPU.ActiveCfg = Debug|Any CPU
		{58C614DB-769E-453B-AF7C-1BB0517039E5}.Debug|Any CPU.Build.0 = Debug|Any CPU
		{58C614DB-769E-453B-AF7C-1BB0517039E5}.Release|Any CPU.ActiveCfg = Release|Any CPU
		{58C614DB-769E-453B-AF7C-1BB0517039E5}.Release|Any CPU.Build.0 = Release|Any CPU
		{5B3AA557-A56B-4EEF-9360-D821DEFA0292}.Debug|Any CPU.ActiveCfg = Debug|Any CPU
		{5B3AA557-A56B-4EEF-9360-D821DEFA0292}.Debug|Any CPU.Build.0 = Debug|Any CPU
		{5B3AA557-A56B-4EEF-9360-D821DEFA0292}.Release|Any CPU.ActiveCfg = Release|Any CPU
		{5B3AA557-A56B-4EEF-9360-D821DEFA0292}.Release|Any CPU.Build.0 = Release|Any CPU
		{2B5C4D1E-1B96-4B0E-A57D-F52AE4B387C3}.Debug|Any CPU.ActiveCfg = Debug|Any CPU
		{2B5C4D1E-1B96-4B0E-A57D-F52AE4B387C3}.Debug|Any CPU.Build.0 = Debug|Any CPU
		{2B5C4D1E-1B96-4B0E-A57D-F52AE4B387C3}.Release|Any CPU.ActiveCfg = Release|Any CPU
		{2B5C4D1E-1B96-4B0E-A57D-F52AE4B387C3}.Release|Any CPU.Build.0 = Release|Any CPU
		{04E894EB-AD95-446E-B876-01A08381734C}.Debug|Any CPU.ActiveCfg = Debug|Any CPU
		{04E894EB-AD95-446E-B876-01A08381734C}.Debug|Any CPU.Build.0 = Debug|Any CPU
		{04E894EB-AD95-446E-B876-01A08381734C}.Release|Any CPU.ActiveCfg = Release|Any CPU
		{04E894EB-AD95-446E-B876-01A08381734C}.Release|Any CPU.Build.0 = Release|Any CPU
	EndGlobalSection
	GlobalSection(SolutionProperties) = preSolution
		HideSolutionNode = FALSE
	EndGlobalSection
	GlobalSection(ExtensibilityGlobals) = postSolution
		SolutionGuid = {07BFADD7-2D1D-4F1C-B320-860A2336E411}
	EndGlobalSection
EndGlobal
